// !$*UTF8*$!
{
	archiveVersion = 1;
	classes = {
	};
	objectVersion = 46;
	objects = {

/* Begin PBXBuildFile section */
		5C7EE5FB1C39D53D00DB77EE /* AppDelegate.swift in Sources */ = {isa = PBXBuildFile; fileRef = 5C7EE5FA1C39D53D00DB77EE /* AppDelegate.swift */; };
		5C7EE5FD1C39D53D00DB77EE /* ViewController.swift in Sources */ = {isa = PBXBuildFile; fileRef = 5C7EE5FC1C39D53D00DB77EE /* ViewController.swift */; };
		5C7EE6001C39D53D00DB77EE /* Main.storyboard in Resources */ = {isa = PBXBuildFile; fileRef = 5C7EE5FE1C39D53D00DB77EE /* Main.storyboard */; };
		5C7EE6021C39D53D00DB77EE /* Assets.xcassets in Resources */ = {isa = PBXBuildFile; fileRef = 5C7EE6011C39D53D00DB77EE /* Assets.xcassets */; };
		5C7EE6051C39D53D00DB77EE /* LaunchScreen.storyboard in Resources */ = {isa = PBXBuildFile; fileRef = 5C7EE6031C39D53D00DB77EE /* LaunchScreen.storyboard */; };
/* End PBXBuildFile section */

/* Begin PBXFileReference section */
		5C7EE5F71C39D53D00DB77EE /* Adventure Hike.app */ = {isa = PBXFileReference; explicitFileType = wrapper.application; includeInIndex = 0; path = "Adventure Hike.app"; sourceTree = BUILT_PRODUCTS_DIR; };
		5C7EE5FA1C39D53D00DB77EE /* AppDelegate.swift */ = {isa = PBXFileReference; lastKnownFileType = sourcecode.swift; path = AppDelegate.swift; sourceTree = "<group>"; };
		5C7EE5FC1C39D53D00DB77EE /* ViewController.swift */ = {isa = PBXFileReference; lastKnownFileType = sourcecode.swift; path = ViewController.swift; sourceTree = "<group>"; };
		5C7EE5FF1C39D53D00DB77EE /* Base */ = {isa = PBXFileReference; lastKnownFileType = file.storyboard; name = Base; path = Base.lproj/Main.storyboard; sourceTree = "<group>"; };
		5C7EE6011C39D53D00DB77EE /* Assets.xcassets */ = {isa = PBXFileReference; lastKnownFileType = folder.assetcatalog; path = Assets.xcassets; sourceTree = "<group>"; };
		5C7EE6041C39D53D00DB77EE /* Base */ = {isa = PBXFileReference; lastKnownFileType = file.storyboard; name = Base; path = Base.lproj/LaunchScreen.storyboard; sourceTree = "<group>"; };
		5C7EE6061C39D53D00DB77EE /* Info.plist */ = {isa = PBXFileReference; lastKnownFileType = text.plist.xml; path = Info.plist; sourceTree = "<group>"; };
/* End PBXFileReference section */

/* Begin PBXFrameworksBuildPhase section */
		5C7EE5F41C39D53D00DB77EE /* Frameworks */ = {
			isa = PBXFrameworksBuildPhase;
			buildActionMask = 2147483647;
			files = (
			);
			runOnlyForDeploymentPostprocessing = 0;
		};
/* End PBXFrameworksBuildPhase section */

/* Begin PBXGroup section */
		5C7EE5EE1C39D53C00DB77EE = {
			isa = PBXGroup;
			children = (
				5C7EE5F91C39D53D00DB77EE /* Adventure Hike */,
				5C7EE5F81C39D53D00DB77EE /* Products */,
			);
			sourceTree = "<group>";
		};
		5C7EE5F81C39D53D00DB77EE /* Products */ = {
			isa = PBXGroup;
			children = (
				5C7EE5F71C39D53D00DB77EE /* Adventure Hike.app */,
			);
			name = Products;
			sourceTree = "<group>";
		};
		5C7EE5F91C39D53D00DB77EE /* Adventure Hike */ = {
			isa = PBXGroup;
			children = (
				5C7EE5FA1C39D53D00DB77EE /* AppDelegate.swift */,
				5C7EE5FC1C39D53D00DB77EE /* ViewController.swift */,
				5C7EE5FE1C39D53D00DB77EE /* Main.storyboard */,
				5C7EE6011C39D53D00DB77EE /* Assets.xcassets */,
				5C7EE6031C39D53D00DB77EE /* LaunchScreen.storyboard */,
				5C7EE6061C39D53D00DB77EE /* Info.plist */,
			);
			path = "Adventure Hike";
			sourceTree = "<group>";
		};
/* End PBXGroup section */

/* Begin PBXNativeTarget section */
		5C7EE5F61C39D53D00DB77EE /* Adventure Hike */ = {
			isa = PBXNativeTarget;
			buildConfigurationList = 5C7EE6091C39D53D00DB77EE /* Build configuration list for PBXNativeTarget "Adventure Hike" */;
			buildPhases = (
				5C7EE5F31C39D53D00DB77EE /* Sources */,
				5C7EE5F41C39D53D00DB77EE /* Frameworks */,
				5C7EE5F51C39D53D00DB77EE /* Resources */,
			);
			buildRules = (
			);
			dependencies = (
			);
			name = "Adventure Hike";
			productName = "Adventure Hike";
			productReference = 5C7EE5F71C39D53D00DB77EE /* Adventure Hike.app */;
			productType = "com.apple.product-type.application";
		};
/* End PBXNativeTarget section */

/* Begin PBXProject section */
		5C7EE5EF1C39D53C00DB77EE /* Project object */ = {
			isa = PBXProject;
			attributes = {
				LastSwiftUpdateCheck = 0720;
				LastUpgradeCheck = 0720;
				ORGANIZATIONNAME = "Roberto Gutierrez";
				TargetAttributes = {
					5C7EE5F61C39D53D00DB77EE = {
						CreatedOnToolsVersion = 7.2;
					};
				};
			};
			buildConfigurationList = 5C7EE5F21C39D53C00DB77EE /* Build configuration list for PBXProject "Adventure Hike" */;
			compatibilityVersion = "Xcode 3.2";
			developmentRegion = English;
			hasScannedForEncodings = 0;
			knownRegions = (
				en,
				Base,
			);
			mainGroup = 5C7EE5EE1C39D53C00DB77EE;
			productRefGroup = 5C7EE5F81C39D53D00DB77EE /* Products */;
			projectDirPath = "";
			projectRoot = "";
			targets = (
				5C7EE5F61C39D53D00DB77EE /* Adventure Hike */,
			);
		};
/* End PBXProject section */

/* Begin PBXResourcesBuildPhase section */
		5C7EE5F51C39D53D00DB77EE /* Resources */ = {
			isa = PBXResourcesBuildPhase;
			buildActionMask = 2147483647;
			files = (
				5C7EE6051C39D53D00DB77EE /* LaunchScreen.storyboard in Resources */,
				5C7EE6021C39D53D00DB77EE /* Assets.xcassets in Resources */,
				5C7EE6001C39D53D00DB77EE /* Main.storyboard in Resources */,
			);
			runOnlyForDeploymentPostprocessing = 0;
		};
/* End PBXResourcesBuildPhase section */

/* Begin PBXSourcesBuildPhase section */
		5C7EE5F31C39D53D00DB77EE /* Sources */ = {
			isa = PBXSourcesBuildPhase;
			buildActionMask = 2147483647;
			files = (
				5C7EE5FD1C39D53D00DB77EE /* ViewController.swift in Sources */,
				5C7EE5FB1C39D53D00DB77EE /* AppDelegate.swift in Sources */,
			);
			runOnlyForDeploymentPostprocessing = 0;
		};
/* End PBXSourcesBuildPhase section */

/* Begin PBXVariantGroup section */
		5C7EE5FE1C39D53D00DB77EE /* Main.storyboard */ = {
			isa = PBXVariantGroup;
			children = (
				5C7EE5FF1C39D53D00DB77EE /* Base */,
			);
			name = Main.storyboard;
			sourceTree = "<group>";
		};
		5C7EE6031C39D53D00DB77EE /* LaunchScreen.storyboard */ = {
			isa = PBXVariantGroup;
			children = (
				5C7EE6041C39D53D00DB77EE /* Base */,
			);
			name = LaunchScreen.storyboard;
			sourceTree = "<group>";
		};
/* End PBXVariantGroup section */

/* Begin XCBuildConfiguration section */
		5C7EE6071C39D53D00DB77EE /* Debug */ = {
			isa = XCBuildConfiguration;
			buildSettings = {
				ALWAYS_SEARCH_USER_PATHS = NO;
				CLANG_CXX_LANGUAGE_STANDARD = "gnu++0x";
				CLANG_CXX_LIBRARY = "libc++";
				CLANG_ENABLE_MODULES = YES;
				CLANG_ENABLE_OBJC_ARC = YES;
				CLANG_WARN_BOOL_CONVERSION = YES;
				CLANG_WARN_CONSTANT_CONVERSION = YES;
				CLANG_WARN_DIRECT_OBJC_ISA_USAGE = YES_ERROR;
				CLANG_WARN_EMPTY_BODY = YES;
				CLANG_WARN_ENUM_CONVERSION = YES;
				CLANG_WARN_INT_CONVERSION = YES;
				CLANG_WARN_OBJC_ROOT_CLASS = YES_ERROR;
				CLANG_WARN_UNREACHABLE_CODE = YES;
				CLANG_WARN__DUPLICATE_METHOD_MATCH = YES;
				"CODE_SIGN_IDENTITY[sdk=iphoneos*]" = "iPhone Developer";
				COPY_PHASE_STRIP = NO;
				DEBUG_INFORMATION_FORMAT = dwarf;
				ENABLE_STRICT_OBJC_MSGSEND = YES;
				ENABLE_TESTABILITY = YES;
				GCC_C_LANGUAGE_STANDARD = gnu99;
				GCC_DYNAMIC_NO_PIC = NO;
				GCC_NO_COMMON_BLOCKS = YES;
				GCC_OPTIMIZATION_LEVEL = 0;
				GCC_PREPROCESSOR_DEFINITIONS = (
					"DEBUG=1",
					"$(inherited)",
				);
				GCC_WARN_64_TO_32_BIT_CONVERSION = YES;
				GCC_WARN_ABOUT_RETURN_TYPE = YES_ERROR;
				GCC_WARN_UNDECLARED_SELECTOR = YES;
				GCC_WARN_UNINITIALIZED_AUTOS = YES_AGGRESSIVE;
				GCC_WARN_UNUSED_FUNCTION = YES;
				GCC_WARN_UNUSED_VARIABLE = YES;
				IPHONEOS_DEPLOYMENT_TARGET = 9.2;
				MTL_ENABLE_DEBUG_INFO = YES;
				ONLY_ACTIVE_ARCH = YES;
				SDKROOT = iphoneos;
				SWIFT_OPTIMIZATION_LEVEL = "-Onone";
				TARGETED_DEVICE_FAMILY = "1,2";
			};
			name = Debug;
		};
		5C7EE6081C39D53D00DB77EE /* Release */ = {
			isa = XCBuildConfiguration;
			buildSettings = {
				ALWAYS_SEARCH_USER_PATHS = NO;
				CLANG_CXX_LANGUAGE_STANDARD = "gnu++0x";
				CLANG_CXX_LIBRARY = "libc++";
				CLANG_ENABLE_MODULES = YES;
				CLANG_ENABLE_OBJC_ARC = YES;
				CLANG_WARN_BOOL_CONVERSION = YES;
				CLANG_WARN_CONSTANT_CONVERSION = YES;
				CLANG_WARN_DIRECT_OBJC_ISA_USAGE = YES_ERROR;
				CLANG_WARN_EMPTY_BODY = YES;
				CLANG_WARN_ENUM_CONVERSION = YES;
				CLANG_WARN_INT_CONVERSION = YES;
				CLANG_WARN_OBJC_ROOT_CLASS = YES_ERROR;
				CLANG_WARN_UNREACHABLE_CODE = YES;
				CLANG_WARN__DUPLICATE_METHOD_MATCH = YES;
				"CODE_SIGN_IDENTITY[sdk=iphoneos*]" = "iPhone Developer";
				COPY_PHASE_STRIP = NO;
				DEBUG_INFORMATION_FORMAT = "dwarf-with-dsym";
				ENABLE_NS_ASSERTIONS = NO;
				ENABLE_STRICT_OBJC_MSGSEND = YES;
				GCC_C_LANGUAGE_STANDARD = gnu99;
				GCC_NO_COMMON_BLOCKS = YES;
				GCC_WARN_64_TO_32_BIT_CONVERSION = YES;
				GCC_WARN_ABOUT_RETURN_TYPE = YES_ERROR;
				GCC_WARN_UNDECLARED_SELECTOR = YES;
				GCC_WARN_UNINITIALIZED_AUTOS = YES_AGGRESSIVE;
				GCC_WARN_UNUSED_FUNCTION = YES;
				GCC_WARN_UNUSED_VARIABLE = YES;
				IPHONEOS_DEPLOYMENT_TARGET = 9.2;
				MTL_ENABLE_DEBUG_INFO = NO;
				SDKROOT = iphoneos;
				TARGETED_DEVICE_FAMILY = "1,2";
				VALIDATE_PRODUCT = YES;
			};
			name = Release;
		};
		5C7EE60A1C39D53D00DB77EE /* Debug */ = {
			isa = XCBuildConfiguration;
			buildSettings = {
				ASSETCATALOG_COMPILER_APPICON_NAME = AppIcon;
				INFOPLIST_FILE = "Adventure Hike/Info.plist";
				LD_RUNPATH_SEARCH_PATHS = "$(inherited) @executable_path/Frameworks";
				PRODUCT_BUNDLE_IDENTIFIER = "com.intercubo.Adventure-Hike";
				PRODUCT_NAME = "$(TARGET_NAME)";
			};
			name = Debug;
		};
		5C7EE60B1C39D53D00DB77EE /* Release */ = {
			isa = XCBuildConfiguration;
			buildSettings = {
				ASSETCATALOG_COMPILER_APPICON_NAME = AppIcon;
				INFOPLIST_FILE = "Adventure Hike/Info.plist";
				LD_RUNPATH_SEARCH_PATHS = "$(inherited) @executable_path/Frameworks";
				PRODUCT_BUNDLE_IDENTIFIER = "com.intercubo.Adventure-Hike";
				PRODUCT_NAME = "$(TARGET_NAME)";
			};
			name = Release;
		};
/* End XCBuildConfiguration section */

/* Begin XCConfigurationList section */
		5C7EE5F21C39D53C00DB77EE /* Build configuration list for PBXProject "Adventure Hike" */ = {
			isa = XCConfigurationList;
			buildConfigurations = (
				5C7EE6071C39D53D00DB77EE /* Debug */,
				5C7EE6081C39D53D00DB77EE /* Release */,
			);
			defaultConfigurationIsVisible = 0;
			defaultConfigurationName = Release;
		};
		5C7EE6091C39D53D00DB77EE /* Build configuration list for PBXNativeTarget "Adventure Hike" */ = {
			isa = XCConfigurationList;
			buildConfigurations = (
				5C7EE60A1C39D53D00DB77EE /* Debug */,
				5C7EE60B1C39D53D00DB77EE /* Release */,
			);
			defaultConfigurationIsVisible = 0;
		};
/* End XCConfigurationList section */
	};
	rootObject = 5C7EE5EF1C39D53C00DB77EE /* Project object */;
}
